
Microsoft Visual Studio Solution File, Format Version 12.00
# Visual Studio Version 16
VisualStudioVersion = 16.0.32002.261
MinimumVisualStudioVersion = 10.0.40219.1
Project("{FAE04EC0-301F-11D3-BF4B-00C04F79EFBC}") = "ChuckConsole", "ChuckConsole\ChuckConsole.csproj", "{CC919300-6451-45D5-BC8F-8BA3009119F0}"
EndProject
Project("{FAE04EC0-301F-11D3-BF4B-00C04F79EFBC}") = "ChuckForm", "ChuckForm\ChuckForm.csproj", "{71C2F686-B669-4A77-894D-89756BB3B380}"
EndProject
Global
	GlobalSection(SolutionConfigurationPlatforms) = preSolution
		Debug|Any CPU = Debug|Any CPU
		Release|Any CPU = Release|Any CPU
	EndGlobalSection
	GlobalSection(ProjectConfigurationPlatforms) = postSolution
		{CC919300-6451-45D5-BC8F-8BA3009119F0}.Debug|Any CPU.ActiveCfg = Debug|Any CPU
		{CC919300-6451-45D5-BC8F-8BA3009119F0}.Debug|Any CPU.Build.0 = Debug|Any CPU
		{CC919300-6451-45D5-BC8F-8BA3009119F0}.Release|Any CPU.ActiveCfg = Release|Any CPU
		{CC919300-6451-45D5-BC8F-8BA3009119F0}.Release|Any CPU.Build.0 = Release|Any CPU
		{71C2F686-B669-4A77-894D-89756BB3B380}.Debug|Any CPU.ActiveCfg = Debug|Any CPU
		{71C2F686-B669-4A77-894D-89756BB3B380}.Debug|Any CPU.Build.0 = Debug|Any CPU
		{71C2F686-B669-4A77-894D-89756BB3B380}.Release|Any CPU.ActiveCfg = Release|Any CPU
		{71C2F686-B669-4A77-894D-89756BB3B380}.Release|Any CPU.Build.0 = Release|Any CPU
	EndGlobalSection
	GlobalSection(SolutionProperties) = preSolution
		HideSolutionNode = FALSE
	EndGlobalSection
	GlobalSection(ExtensibilityGlobals) = postSolution
		SolutionGuid = {C52BCB90-E9AC-428D-8529-90D13B23BCCD}
	EndGlobalSection
EndGlobal
